
Microsoft Visual Studio Solution File, Format Version 11.00
# Visual Studio 2010
Project("{FAE04EC0-301F-11D3-BF4B-00C04F79EFBC}") = "ProjectGame1New", "Assembly-CSharp.csproj", "{242EA5A6-7D3F-3E5A-0934-4E19D1778B9A}"
EndProject
Global
	GlobalSection(SolutionConfigurationPlatforms) = preSolution
		Debug|Any CPU = Debug|Any CPU
		Release|Any CPU = Release|Any CPU
	EndGlobalSection
	GlobalSection(ProjectConfigurationPlatforms) = postSolution
		{242EA5A6-7D3F-3E5A-0934-4E19D1778B9A}.Debug|Any CPU.ActiveCfg = Debug|Any CPU
		{242EA5A6-7D3F-3E5A-0934-4E19D1778B9A}.Debug|Any CPU.Build.0 = Debug|Any CPU
		{242EA5A6-7D3F-3E5A-0934-4E19D1778B9A}.Release|Any CPU.ActiveCfg = Release|Any CPU
		{242EA5A6-7D3F-3E5A-0934-4E19D1778B9A}.Release|Any CPU.Build.0 = Release|Any CPU
	EndGlobalSection
	GlobalSection(SolutionProperties) = preSolution
		HideSolutionNode = FALSE
	EndGlobalSection
	GlobalSection(MonoDevelopProperties) = preSolution
		StartupItem = Assembly-CSharp.csproj
	EndGlobalSection
EndGlobal
